
Microsoft Visual Studio Solution File, Format Version 12.00
# Visual Studio Version 17
VisualStudioVersion = 17.13.35919.96 d17.13
MinimumVisualStudioVersion = 10.0.40219.1
Project("{FAE04EC0-301F-11D3-BF4B-00C04F79EFBC}") = "testing_certificates", "testing_certificates\testing_certificates.csproj", "{BB565AB3-6B66-475D-AFC4-B1A0B9CC7E61}"
EndProject
Global
	GlobalSection(SolutionConfigurationPlatforms) = preSolution
		Debug|Any CPU = Debug|Any CPU
		Release|Any CPU = Release|Any CPU
	EndGlobalSection
	GlobalSection(ProjectConfigurationPlatforms) = postSolution
		{BB565AB3-6B66-475D-AFC4-B1A0B9CC7E61}.Debug|Any CPU.ActiveCfg = Debug|Any CPU
		{BB565AB3-6B66-475D-AFC4-B1A0B9CC7E61}.Debug|Any CPU.Build.0 = Debug|Any CPU
		{BB565AB3-6B66-475D-AFC4-B1A0B9CC7E61}.Release|Any CPU.ActiveCfg = Release|Any CPU
		{BB565AB3-6B66-475D-AFC4-B1A0B9CC7E61}.Release|Any CPU.Build.0 = Release|Any CPU
	EndGlobalSection
	GlobalSection(SolutionProperties) = preSolution
		HideSolutionNode = FALSE
	EndGlobalSection
	GlobalSection(ExtensibilityGlobals) = postSolution
		SolutionGuid = {5E87644E-7492-4019-B67B-6023826FC7FE}
	EndGlobalSection
EndGlobal
